# THIS IS AN AUTOGENERATED FILE. DO NOT EDIT THIS FILE DIRECTLY.
# yarn lockfile v1


test-dependent-first@^2.0.0:
  version "2.0.0"
  resolved "https://registry.yarnpkg.com/test-dependent-first/-/test-dependent-first-2.0.0.tgz#b2e3c3305577091e87b01cc87681acc997915dac"
  integrity sha512-Fe54q7mMdemJ71FoevD9xyh1+q2JdB46ZjmD9fuBbGUiPrLIE3L+f9zue6TMbgZD9gnYWVHpzHafYg/dGRyIHw==
