# THIS IS AN AUTOGENERATED FILE. DO NOT EDIT THIS FILE DIRECTLY.
# yarn lockfile v1


test-dependent-first@^1.0.0:
  version "1.0.1"
  resolved "https://registry.yarnpkg.com/test-dependent-first/-/test-dependent-first-1.0.1.tgz#d692db23a509aa526391ac34f824fb222510526b"
  integrity sha512-j/LLZcbAhTnm08gkZVhFikVf4W2U57+rrqGZP39h+wYUnZzBD2sswNg5nJkylYtpHH4gIcEdj1+LbIr3D4GDLw==
